
Microsoft Visual Studio Solution File, Format Version 12.00
# Visual Studio Version 16
VisualStudioVersion = 16.0.29215.179
MinimumVisualStudioVersion = 10.0.40219.1
Project("{FAE04EC0-301F-11D3-BF4B-00C04F79EFBC}") = "CSharpL", "CSharpL\CSharpL.csproj", "{BCE282C9-0358-4011-ADA9-CB970A42A7BA}"
EndProject
Project("{FAE04EC0-301F-11D3-BF4B-00C04F79EFBC}") = "CSharpLC", "CSharpLC\CSharpLC.csproj", "{DDD890B9-7CC0-49B5-8038-0CE2D54FD9A1}"
EndProject
Project("{FAE04EC0-301F-11D3-BF4B-00C04F79EFBC}") = "WebFormTemp", "WebFormTemp\WebFormTemp.csproj", "{26567AF2-6594-41E7-BC01-6B729408975B}"
EndProject
Project("{FAE04EC0-301F-11D3-BF4B-00C04F79EFBC}") = "SinglePageTemp", "SinglePageTemp\SinglePageTemp.csproj", "{5320D174-24EA-4B45-9F65-9AEB6343285D}"
EndProject
Project("{FAE04EC0-301F-11D3-BF4B-00C04F79EFBC}") = "MVCTemp", "MVCTemp\MVCTemp.csproj", "{FA2514AC-3563-48E8-8131-F120CAFEE7D4}"
EndProject
Project("{FAE04EC0-301F-11D3-BF4B-00C04F79EFBC}") = "WebAPITemp", "WebAPITemp\WebAPITemp.csproj", "{765E38AE-5224-42A2-A2FC-B09BD714BFA9}"
EndProject
Project("{FAE04EC0-301F-11D3-BF4B-00C04F79EFBC}") = "EmptyTemp", "EmptyTemp\EmptyTemp.csproj", "{9C5DF56C-845B-4316-AF47-3D2788DF16DD}"
EndProject
Project("{FAE04EC0-301F-11D3-BF4B-00C04F79EFBC}") = "ConsoleAppTemp", "ConsoleAppTemp\ConsoleAppTemp.csproj", "{7018756E-308E-4704-BA05-7C70035DD2BA}"
EndProject
Project("{FAE04EC0-301F-11D3-BF4B-00C04F79EFBC}") = "WindowsFormTemp", "WindowsFormTemp\WindowsFormTemp.csproj", "{C0E9B8A7-4681-4BDB-B303-DF1A8A29431F}"
EndProject
Project("{888888A0-9F3D-457C-B088-3A5042F75D52}") = "PythonAppTemp", "PythonAppTemp\PythonAppTemp.pyproj", "{3EB0FE3F-04E7-48D1-BC2B-29E15AB203D1}"
EndProject
Project("{888888A0-9F3D-457C-B088-3A5042F75D52}") = "DjangoWebProjTemp", "DjangoWebProjTemp\DjangoWebProjTemp.pyproj", "{12D9B3C8-52A0-4697-A896-B5CA8F4D55E7}"
EndProject
Project("{9092AA53-FB77-4645-B42D-1CCCA6BD08BD}") = "NodejsConsoleAppTemp", "NodejsConsoleAppTemp\NodejsConsoleAppTemp.njsproj", "{034BC8EF-2BA4-4FFF-9859-9F78C414D842}"
EndProject
Project("{FAE04EC0-301F-11D3-BF4B-00C04F79EFBC}") = "ClassLibraryTemp", "ClassLibraryTemp\ClassLibraryTemp.csproj", "{7A6A0BCE-CFB6-448A-A2DB-2EA549B3AEF1}"
EndProject
Project("{00D1A9C2-B5F0-4AF3-8072-F6C62B433612}") = "SqlServerDatabaseTemp", "SqlServerDatabaseTemp\SqlServerDatabaseTemp.sqlproj", "{3112B586-8E4D-40F3-B0DF-64E1847BB688}"
EndProject
Project("{F184B08F-C81C-45F6-A57F-5ABD9991F28F}") = "UnitTestProjectTemp", "UnitTestProjectTemp\UnitTestProjectTemp.vbproj", "{A32D9137-300E-401B-B9F7-2A128E6FD0D3}"
EndProject
Project("{F184B08F-C81C-45F6-A57F-5ABD9991F28F}") = "WindowsServiceTemp", "WindowsServiceTemp\WindowsServiceTemp.vbproj", "{E78EF6FE-523C-4628-B5A4-ADDC0B2DFE10}"
EndProject
Project("{FAE04EC0-301F-11D3-BF4B-00C04F79EFBC}") = "DesktopAppTemp", "DesktopAppTemp\DesktopAppTemp.csproj", "{38156341-CF3D-4D3F-92F1-B8F7769491B9}"
EndProject
Global
	GlobalSection(SolutionConfigurationPlatforms) = preSolution
		Debug|Any CPU = Debug|Any CPU
		Release|Any CPU = Release|Any CPU
	EndGlobalSection
	GlobalSection(ProjectConfigurationPlatforms) = postSolution
		{BCE282C9-0358-4011-ADA9-CB970A42A7BA}.Debug|Any CPU.ActiveCfg = Debug|Any CPU
		{BCE282C9-0358-4011-ADA9-CB970A42A7BA}.Debug|Any CPU.Build.0 = Debug|Any CPU
		{BCE282C9-0358-4011-ADA9-CB970A42A7BA}.Release|Any CPU.ActiveCfg = Release|Any CPU
		{BCE282C9-0358-4011-ADA9-CB970A42A7BA}.Release|Any CPU.Build.0 = Release|Any CPU
		{DDD890B9-7CC0-49B5-8038-0CE2D54FD9A1}.Debug|Any CPU.ActiveCfg = Debug|Any CPU
		{DDD890B9-7CC0-49B5-8038-0CE2D54FD9A1}.Debug|Any CPU.Build.0 = Debug|Any CPU
		{DDD890B9-7CC0-49B5-8038-0CE2D54FD9A1}.Release|Any CPU.ActiveCfg = Release|Any CPU
		{DDD890B9-7CC0-49B5-8038-0CE2D54FD9A1}.Release|Any CPU.Build.0 = Release|Any CPU
		{26567AF2-6594-41E7-BC01-6B729408975B}.Debug|Any CPU.ActiveCfg = Debug|Any CPU
		{26567AF2-6594-41E7-BC01-6B729408975B}.Debug|Any CPU.Build.0 = Debug|Any CPU
		{26567AF2-6594-41E7-BC01-6B729408975B}.Release|Any CPU.ActiveCfg = Release|Any CPU
		{26567AF2-6594-41E7-BC01-6B729408975B}.Release|Any CPU.Build.0 = Release|Any CPU
		{5320D174-24EA-4B45-9F65-9AEB6343285D}.Debug|Any CPU.ActiveCfg = Debug|Any CPU
		{5320D174-24EA-4B45-9F65-9AEB6343285D}.Debug|Any CPU.Build.0 = Debug|Any CPU
		{5320D174-24EA-4B45-9F65-9AEB6343285D}.Release|Any CPU.ActiveCfg = Release|Any CPU
		{5320D174-24EA-4B45-9F65-9AEB6343285D}.Release|Any CPU.Build.0 = Release|Any CPU
		{FA2514AC-3563-48E8-8131-F120CAFEE7D4}.Debug|Any CPU.ActiveCfg = Debug|Any CPU
		{FA2514AC-3563-48E8-8131-F120CAFEE7D4}.Debug|Any CPU.Build.0 = Debug|Any CPU
		{FA2514AC-3563-48E8-8131-F120CAFEE7D4}.Release|Any CPU.ActiveCfg = Release|Any CPU
		{FA2514AC-3563-48E8-8131-F120CAFEE7D4}.Release|Any CPU.Build.0 = Release|Any CPU
		{765E38AE-5224-42A2-A2FC-B09BD714BFA9}.Debug|Any CPU.ActiveCfg = Debug|Any CPU
		{765E38AE-5224-42A2-A2FC-B09BD714BFA9}.Debug|Any CPU.Build.0 = Debug|Any CPU
		{765E38AE-5224-42A2-A2FC-B09BD714BFA9}.Release|Any CPU.ActiveCfg = Release|Any CPU
		{765E38AE-5224-42A2-A2FC-B09BD714BFA9}.Release|Any CPU.Build.0 = Release|Any CPU
		{9C5DF56C-845B-4316-AF47-3D2788DF16DD}.Debug|Any CPU.ActiveCfg = Debug|Any CPU
		{9C5DF56C-845B-4316-AF47-3D2788DF16DD}.Debug|Any CPU.Build.0 = Debug|Any CPU
		{9C5DF56C-845B-4316-AF47-3D2788DF16DD}.Release|Any CPU.ActiveCfg = Release|Any CPU
		{9C5DF56C-845B-4316-AF47-3D2788DF16DD}.Release|Any CPU.Build.0 = Release|Any CPU
		{7018756E-308E-4704-BA05-7C70035DD2BA}.Debug|Any CPU.ActiveCfg = Debug|Any CPU
		{7018756E-308E-4704-BA05-7C70035DD2BA}.Debug|Any CPU.Build.0 = Debug|Any CPU
		{7018756E-308E-4704-BA05-7C70035DD2BA}.Release|Any CPU.ActiveCfg = Release|Any CPU
		{7018756E-308E-4704-BA05-7C70035DD2BA}.Release|Any CPU.Build.0 = Release|Any CPU
		{C0E9B8A7-4681-4BDB-B303-DF1A8A29431F}.Debug|Any CPU.ActiveCfg = Debug|Any CPU
		{C0E9B8A7-4681-4BDB-B303-DF1A8A29431F}.Debug|Any CPU.Build.0 = Debug|Any CPU
		{C0E9B8A7-4681-4BDB-B303-DF1A8A29431F}.Release|Any CPU.ActiveCfg = Release|Any CPU
		{C0E9B8A7-4681-4BDB-B303-DF1A8A29431F}.Release|Any CPU.Build.0 = Release|Any CPU
		{3EB0FE3F-04E7-48D1-BC2B-29E15AB203D1}.Debug|Any CPU.ActiveCfg = Debug|Any CPU
		{3EB0FE3F-04E7-48D1-BC2B-29E15AB203D1}.Release|Any CPU.ActiveCfg = Release|Any CPU
		{12D9B3C8-52A0-4697-A896-B5CA8F4D55E7}.Debug|Any CPU.ActiveCfg = Debug|Any CPU
		{12D9B3C8-52A0-4697-A896-B5CA8F4D55E7}.Debug|Any CPU.Build.0 = Debug|Any CPU
		{12D9B3C8-52A0-4697-A896-B5CA8F4D55E7}.Release|Any CPU.ActiveCfg = Release|Any CPU
		{12D9B3C8-52A0-4697-A896-B5CA8F4D55E7}.Release|Any CPU.Build.0 = Release|Any CPU
		{034BC8EF-2BA4-4FFF-9859-9F78C414D842}.Debug|Any CPU.ActiveCfg = Debug|Any CPU
		{034BC8EF-2BA4-4FFF-9859-9F78C414D842}.Debug|Any CPU.Build.0 = Debug|Any CPU
		{034BC8EF-2BA4-4FFF-9859-9F78C414D842}.Release|Any CPU.ActiveCfg = Release|Any CPU
		{034BC8EF-2BA4-4FFF-9859-9F78C414D842}.Release|Any CPU.Build.0 = Release|Any CPU
		{7A6A0BCE-CFB6-448A-A2DB-2EA549B3AEF1}.Debug|Any CPU.ActiveCfg = Debug|Any CPU
		{7A6A0BCE-CFB6-448A-A2DB-2EA549B3AEF1}.Debug|Any CPU.Build.0 = Debug|Any CPU
		{7A6A0BCE-CFB6-448A-A2DB-2EA549B3AEF1}.Release|Any CPU.ActiveCfg = Release|Any CPU
		{7A6A0BCE-CFB6-448A-A2DB-2EA549B3AEF1}.Release|Any CPU.Build.0 = Release|Any CPU
		{3112B586-8E4D-40F3-B0DF-64E1847BB688}.Debug|Any CPU.ActiveCfg = Debug|Any CPU
		{3112B586-8E4D-40F3-B0DF-64E1847BB688}.Debug|Any CPU.Build.0 = Debug|Any CPU
		{3112B586-8E4D-40F3-B0DF-64E1847BB688}.Debug|Any CPU.Deploy.0 = Debug|Any CPU
		{3112B586-8E4D-40F3-B0DF-64E1847BB688}.Release|Any CPU.ActiveCfg = Release|Any CPU
		{3112B586-8E4D-40F3-B0DF-64E1847BB688}.Release|Any CPU.Build.0 = Release|Any CPU
		{3112B586-8E4D-40F3-B0DF-64E1847BB688}.Release|Any CPU.Deploy.0 = Release|Any CPU
		{A32D9137-300E-401B-B9F7-2A128E6FD0D3}.Debug|Any CPU.ActiveCfg = Debug|Any CPU
		{A32D9137-300E-401B-B9F7-2A128E6FD0D3}.Debug|Any CPU.Build.0 = Debug|Any CPU
		{A32D9137-300E-401B-B9F7-2A128E6FD0D3}.Release|Any CPU.ActiveCfg = Release|Any CPU
		{A32D9137-300E-401B-B9F7-2A128E6FD0D3}.Release|Any CPU.Build.0 = Release|Any CPU
		{E78EF6FE-523C-4628-B5A4-ADDC0B2DFE10}.Debug|Any CPU.ActiveCfg = Debug|Any CPU
		{E78EF6FE-523C-4628-B5A4-ADDC0B2DFE10}.Debug|Any CPU.Build.0 = Debug|Any CPU
		{E78EF6FE-523C-4628-B5A4-ADDC0B2DFE10}.Release|Any CPU.ActiveCfg = Release|Any CPU
		{E78EF6FE-523C-4628-B5A4-ADDC0B2DFE10}.Release|Any CPU.Build.0 = Release|Any CPU
		{38156341-CF3D-4D3F-92F1-B8F7769491B9}.Debug|Any CPU.ActiveCfg = Debug|Any CPU
		{38156341-CF3D-4D3F-92F1-B8F7769491B9}.Debug|Any CPU.Build.0 = Debug|Any CPU
		{38156341-CF3D-4D3F-92F1-B8F7769491B9}.Release|Any CPU.ActiveCfg = Release|Any CPU
		{38156341-CF3D-4D3F-92F1-B8F7769491B9}.Release|Any CPU.Build.0 = Release|Any CPU
	EndGlobalSection
	GlobalSection(SolutionProperties) = preSolution
		HideSolutionNode = FALSE
	EndGlobalSection
	GlobalSection(ExtensibilityGlobals) = postSolution
		SolutionGuid = {8CB82145-3816-4C0C-B015-789C74E483D3}
	EndGlobalSection
EndGlobal
