
Microsoft Visual Studio Solution File, Format Version 12.00
# Visual Studio Version 16
VisualStudioVersion = 16.0.29215.179
MinimumVisualStudioVersion = 10.0.40219.1
Project("{FAE04EC0-301F-11D3-BF4B-00C04F79EFBC}") = "CSharpL", "CSharpL\CSharpL.csproj", "{BCE282C9-0358-4011-ADA9-CB970A42A7BA}"
EndProject
Project("{FAE04EC0-301F-11D3-BF4B-00C04F79EFBC}") = "CSharpLC", "CSharpLC\CSharpLC.csproj", "{DDD890B9-7CC0-49B5-8038-0CE2D54FD9A1}"
EndProject
Project("{FAE04EC0-301F-11D3-BF4B-00C04F79EFBC}") = "Encapsulation", "Encapsulation\Encapsulation.csproj", "{DCD01FB1-3ADD-4125-AC66-F7121BEB7FF6}"
EndProject
Global
	GlobalSection(SolutionConfigurationPlatforms) = preSolution
		Debug|Any CPU = Debug|Any CPU
		Release|Any CPU = Release|Any CPU
	EndGlobalSection
	GlobalSection(ProjectConfigurationPlatforms) = postSolution
		{BCE282C9-0358-4011-ADA9-CB970A42A7BA}.Debug|Any CPU.ActiveCfg = Debug|Any CPU
		{BCE282C9-0358-4011-ADA9-CB970A42A7BA}.Debug|Any CPU.Build.0 = Debug|Any CPU
		{BCE282C9-0358-4011-ADA9-CB970A42A7BA}.Release|Any CPU.ActiveCfg = Release|Any CPU
		{BCE282C9-0358-4011-ADA9-CB970A42A7BA}.Release|Any CPU.Build.0 = Release|Any CPU
		{DDD890B9-7CC0-49B5-8038-0CE2D54FD9A1}.Debug|Any CPU.ActiveCfg = Debug|Any CPU
		{DDD890B9-7CC0-49B5-8038-0CE2D54FD9A1}.Debug|Any CPU.Build.0 = Debug|Any CPU
		{DDD890B9-7CC0-49B5-8038-0CE2D54FD9A1}.Release|Any CPU.ActiveCfg = Release|Any CPU
		{DDD890B9-7CC0-49B5-8038-0CE2D54FD9A1}.Release|Any CPU.Build.0 = Release|Any CPU
		{DCD01FB1-3ADD-4125-AC66-F7121BEB7FF6}.Debug|Any CPU.ActiveCfg = Debug|Any CPU
		{DCD01FB1-3ADD-4125-AC66-F7121BEB7FF6}.Debug|Any CPU.Build.0 = Debug|Any CPU
		{DCD01FB1-3ADD-4125-AC66-F7121BEB7FF6}.Release|Any CPU.ActiveCfg = Release|Any CPU
		{DCD01FB1-3ADD-4125-AC66-F7121BEB7FF6}.Release|Any CPU.Build.0 = Release|Any CPU
	EndGlobalSection
	GlobalSection(SolutionProperties) = preSolution
		HideSolutionNode = FALSE
	EndGlobalSection
	GlobalSection(ExtensibilityGlobals) = postSolution
		SolutionGuid = {8CB82145-3816-4C0C-B015-789C74E483D3}
	EndGlobalSection
EndGlobal
